# This file is automatically @generated by Cargo.
# It is not intended for manual editing.
version = 3

[[package]]
name = "anyhow"
version = "1.0.31"
source = "registry+https://github.com/rust-lang/crates.io-index"
checksum = "85bb70cc08ec97ca5450e6eba421deeea5f172c0fc61f78b5357b2a8e8be195f"

[[package]]
name = "atty"
version = "0.2.14"
source = "registry+https://github.com/rust-lang/crates.io-index"
checksum = "d9b39be18770d11421cdb1b9947a45dd3f37e93092cbf377614828a319d5fee8"
dependencies = [
 "hermit-abi",
 "libc",
 "winapi",
]

[[package]]
name = "autocfg"
version = "1.0.0"
source = "registry+https://github.com/rust-lang/crates.io-index"
checksum = "f8aac770f1885fd7e387acedd76065302551364496e46b3dd00860b2f8359b9d"

[[package]]
name = "cfg-if"
version = "1.0.0"
source = "registry+https://github.com/rust-lang/crates.io-index"
checksum = "baf1de4339761588bc0619e3cbc0120ee582ebb74b53b4efbf79117bd2da40fd"

[[package]]
name = "chrono"
version = "0.4.11"
source = "registry+https://github.com/rust-lang/crates.io-index"
checksum = "80094f509cf8b5ae86a4966a39b3ff66cd7e2a3e594accec3743ff3fabeab5b2"
dependencies = [
 "num-integer",
 "num-traits",
 "time",
]

[[package]]
name = "colored"
version = "1.9.3"
source = "registry+https://github.com/rust-lang/crates.io-index"
checksum = "f4ffc801dacf156c5854b9df4f425a626539c3a6ef7893cc0c5084a23f0b6c59"
dependencies = [
 "atty",
 "lazy_static",
 "winapi",
]

[[package]]
name = "console"
version = "0.14.1"
source = "registry+https://github.com/rust-lang/crates.io-index"
checksum = "3993e6445baa160675931ec041a5e03ca84b9c6e32a056150d3aa2bdda0a1f45"
dependencies = [
 "encode_unicode",
 "lazy_static",
 "libc",
 "terminal_size",
 "winapi",
]

[[package]]
name = "diff_assert"
version = "1.0.0-pre1"
dependencies = [
 "diff_utils",
]

[[package]]
name = "diff_utils"
version = "1.0.0-pre1"
dependencies = [
 "anyhow",
 "chrono",
 "colored",
 "diffs",
 "glob",
 "insta",
 "itertools",
 "test-case",
]

[[package]]
name = "diffs"
version = "0.4.0"
source = "registry+https://github.com/rust-lang/crates.io-index"
checksum = "bb4e4582f27b475e229dc0926b12082a6fb8662c7cb25ed1465243486fe181a2"

[[package]]
name = "dtoa"
version = "0.4.5"
source = "registry+https://github.com/rust-lang/crates.io-index"
checksum = "4358a9e11b9a09cf52383b451b49a169e8d797b68aa02301ff586d70d9661ea3"

[[package]]
name = "either"
version = "1.5.3"
source = "registry+https://github.com/rust-lang/crates.io-index"
checksum = "bb1f6b1ce1c140482ea30ddd3335fc0024ac7ee112895426e0a629a6c20adfe3"

[[package]]
name = "encode_unicode"
version = "0.3.6"
source = "registry+https://github.com/rust-lang/crates.io-index"
checksum = "a357d28ed41a50f9c765dbfe56cbc04a64e53e5fc58ba79fbc34c10ef3df831f"

[[package]]
name = "glob"
version = "0.3.0"
source = "registry+https://github.com/rust-lang/crates.io-index"
checksum = "9b919933a397b79c37e33b77bb2aa3dc8eb6e165ad809e58ff75bc7db2e34574"

[[package]]
name = "hashbrown"
version = "0.11.2"
source = "registry+https://github.com/rust-lang/crates.io-index"
checksum = "ab5ef0d4909ef3724cc8cce6ccc8572c5c817592e9285f5464f8e86f8bd3726e"

[[package]]
name = "hermit-abi"
version = "0.1.12"
source = "registry+https://github.com/rust-lang/crates.io-index"
checksum = "61565ff7aaace3525556587bd2dc31d4a07071957be715e63ce7b1eccf51a8f4"
dependencies = [
 "libc",
]

[[package]]
name = "indexmap"
version = "1.7.0"
source = "registry+https://github.com/rust-lang/crates.io-index"
checksum = "bc633605454125dec4b66843673f01c7df2b89479b32e0ed634e43a91cff62a5"
dependencies = [
 "autocfg",
 "hashbrown",
]

[[package]]
name = "insta"
version = "1.8.0"
source = "registry+https://github.com/rust-lang/crates.io-index"
checksum = "15226a375927344c78d39dc6b49e2d5562a5b0705e26a589093c6792e52eed8e"
dependencies = [
 "console",
 "lazy_static",
 "serde",
 "serde_json",
 "serde_yaml",
 "similar",
 "uuid",
]

[[package]]
name = "itertools"
version = "0.9.0"
source = "registry+https://github.com/rust-lang/crates.io-index"
checksum = "284f18f85651fe11e8a991b2adb42cb078325c996ed026d994719efcfca1d54b"
dependencies = [
 "either",
]

[[package]]
name = "itoa"
version = "0.4.5"
source = "registry+https://github.com/rust-lang/crates.io-index"
checksum = "b8b7a7c0c47db5545ed3fef7468ee7bb5b74691498139e4b3f6a20685dc6dd8e"

[[package]]
name = "lazy_static"
version = "1.4.0"
source = "registry+https://github.com/rust-lang/crates.io-index"
checksum = "e2abad23fbc42b3700f2f279844dc832adb2b2eb069b2df918f455c4e18cc646"

[[package]]
name = "libc"
version = "0.2.69"
source = "registry+https://github.com/rust-lang/crates.io-index"
checksum = "99e85c08494b21a9054e7fe1374a732aeadaff3980b6990b94bfd3a70f690005"

[[package]]
name = "linked-hash-map"
version = "0.5.4"
source = "registry+https://github.com/rust-lang/crates.io-index"
checksum = "7fb9b38af92608140b86b693604b9ffcc5824240a484d1ecd4795bacb2fe88f3"

[[package]]
name = "num-integer"
version = "0.1.42"
source = "registry+https://github.com/rust-lang/crates.io-index"
checksum = "3f6ea62e9d81a77cd3ee9a2a5b9b609447857f3d358704331e4ef39eb247fcba"
dependencies = [
 "autocfg",
 "num-traits",
]

[[package]]
name = "num-traits"
version = "0.2.11"
source = "registry+https://github.com/rust-lang/crates.io-index"
checksum = "c62be47e61d1842b9170f0fdeec8eba98e60e90e5446449a0545e5152acd7096"
dependencies = [
 "autocfg",
]

[[package]]
name = "proc-macro2"
version = "1.0.32"
source = "registry+https://github.com/rust-lang/crates.io-index"
checksum = "ba508cc11742c0dc5c1659771673afbab7a0efab23aa17e854cbab0837ed0b43"
dependencies = [
 "unicode-xid",
]

[[package]]
name = "quote"
version = "1.0.10"
source = "registry+https://github.com/rust-lang/crates.io-index"
checksum = "38bc8cc6a5f2e3655e0899c1b848643b2562f853f114bfec7be120678e3ace05"
dependencies = [
 "proc-macro2",
]

[[package]]
name = "ryu"
version = "1.0.4"
source = "registry+https://github.com/rust-lang/crates.io-index"
checksum = "ed3d612bc64430efeb3f7ee6ef26d590dce0c43249217bddc62112540c7941e1"

[[package]]
name = "serde"
version = "1.0.130"
source = "registry+https://github.com/rust-lang/crates.io-index"
checksum = "f12d06de37cf59146fbdecab66aa99f9fe4f78722e3607577a5375d66bd0c913"
dependencies = [
 "serde_derive",
]

[[package]]
name = "serde_derive"
version = "1.0.130"
source = "registry+https://github.com/rust-lang/crates.io-index"
checksum = "d7bc1a1ab1961464eae040d96713baa5a724a8152c1222492465b54322ec508b"
dependencies = [
 "proc-macro2",
 "quote",
 "syn",
]

[[package]]
name = "serde_json"
version = "1.0.69"
source = "registry+https://github.com/rust-lang/crates.io-index"
checksum = "e466864e431129c7e0d3476b92f20458e5879919a0596c6472738d9fa2d342f8"
dependencies = [
 "itoa",
 "ryu",
 "serde",
]

[[package]]
name = "serde_yaml"
version = "0.8.21"
source = "registry+https://github.com/rust-lang/crates.io-index"
checksum = "d8c608a35705a5d3cdc9fbe403147647ff34b921f8e833e49306df898f9b20af"
dependencies = [
 "dtoa",
 "indexmap",
 "serde",
 "yaml-rust",
]

[[package]]
name = "similar"
version = "1.3.0"
source = "registry+https://github.com/rust-lang/crates.io-index"
checksum = "1ad1d488a557b235fc46dae55512ffbfc429d2482b08b4d9435ab07384ca8aec"

[[package]]
name = "syn"
version = "1.0.81"
source = "registry+https://github.com/rust-lang/crates.io-index"
checksum = "f2afee18b8beb5a596ecb4a2dce128c719b4ba399d34126b9e4396e3f9860966"
dependencies = [
 "proc-macro2",
 "quote",
 "unicode-xid",
]

[[package]]
name = "terminal_size"
version = "0.1.17"
source = "registry+https://github.com/rust-lang/crates.io-index"
checksum = "633c1a546cee861a1a6d0dc69ebeca693bf4296661ba7852b9d21d159e0506df"
dependencies = [
 "libc",
 "winapi",
]

[[package]]
name = "test-case"
version = "1.2.1"
source = "registry+https://github.com/rust-lang/crates.io-index"
checksum = "c7cad0a06f9a61e94355aa3b3dc92d85ab9c83406722b1ca5e918d4297c12c23"
dependencies = [
 "cfg-if",
 "proc-macro2",
 "quote",
 "syn",
 "version_check",
]

[[package]]
name = "time"
version = "0.1.43"
source = "registry+https://github.com/rust-lang/crates.io-index"
checksum = "ca8a50ef2360fbd1eeb0ecd46795a87a19024eb4b53c5dc916ca1fd95fe62438"
dependencies = [
 "libc",
 "winapi",
]

[[package]]
name = "unicode-xid"
version = "0.2.0"
source = "registry+https://github.com/rust-lang/crates.io-index"
checksum = "826e7639553986605ec5979c7dd957c7895e93eabed50ab2ffa7f6128a75097c"

[[package]]
name = "uuid"
version = "0.8.2"
source = "registry+https://github.com/rust-lang/crates.io-index"
checksum = "bc5cf98d8186244414c848017f0e2676b3fcb46807f6668a97dfe67359a3c4b7"

[[package]]
name = "version_check"
version = "0.9.3"
source = "registry+https://github.com/rust-lang/crates.io-index"
checksum = "5fecdca9a5291cc2b8dcf7dc02453fee791a280f3743cb0905f8822ae463b3fe"

[[package]]
name = "winapi"
version = "0.3.8"
source = "registry+https://github.com/rust-lang/crates.io-index"
checksum = "8093091eeb260906a183e6ae1abdba2ef5ef2257a21801128899c3fc699229c6"
dependencies = [
 "winapi-i686-pc-windows-gnu",
 "winapi-x86_64-pc-windows-gnu",
]

[[package]]
name = "winapi-i686-pc-windows-gnu"
version = "0.4.0"
source = "registry+https://github.com/rust-lang/crates.io-index"
checksum = "ac3b87c63620426dd9b991e5ce0329eff545bccbbb34f3be09ff6fb6ab51b7b6"

[[package]]
name = "winapi-x86_64-pc-windows-gnu"
version = "0.4.0"
source = "registry+https://github.com/rust-lang/crates.io-index"
checksum = "712e227841d057c1ee1cd2fb22fa7e5a5461ae8e48fa2ca79ec42cfc1931183f"

[[package]]
name = "yaml-rust"
version = "0.4.5"
source = "registry+https://github.com/rust-lang/crates.io-index"
checksum = "56c1936c4cc7a1c9ab21a1ebb602eb942ba868cbd44a99cb7cdc5892335e1c85"
dependencies = [
 "linked-hash-map",
]
