# This file is automatically @generated by Cargo.
# It is not intended for manual editing.
[[package]]
name = "colored"
version = "1.7.0"
source = "registry+https://github.com/rust-lang/crates.io-index"
dependencies = [
 "lazy_static 1.2.0 (registry+https://github.com/rust-lang/crates.io-index)",
]

[[package]]
name = "diff_assert"
version = "0.2.0"
dependencies = [
 "colored 1.7.0 (registry+https://github.com/rust-lang/crates.io-index)",
 "diffs 0.2.1 (registry+https://github.com/rust-lang/crates.io-index)",
]

[[package]]
name = "diffs"
version = "0.2.1"
source = "registry+https://github.com/rust-lang/crates.io-index"

[[package]]
name = "lazy_static"
version = "1.2.0"
source = "registry+https://github.com/rust-lang/crates.io-index"

[metadata]
"checksum colored 1.7.0 (registry+https://github.com/rust-lang/crates.io-index)" = "6e9a455e156a4271e12fd0246238c380b1e223e3736663c7a18ed8b6362028a9"
"checksum diffs 0.2.1 (registry+https://github.com/rust-lang/crates.io-index)" = "f986674bb2b4ef21915be8625ebddeffe67bcf78153351ca52d626a5f6b29e6e"
"checksum lazy_static 1.2.0 (registry+https://github.com/rust-lang/crates.io-index)" = "a374c89b9db55895453a74c1e38861d9deec0b01b405a82516e9d5de4820dea1"
